
Microsoft Visual Studio Solution File, Format Version 12.00
# Visual Studio Version 17
VisualStudioVersion = 17.14.36301.6 d17.14
MinimumVisualStudioVersion = 10.0.40219.1
Project("{FAE04EC0-301F-11D3-BF4B-00C04F79EFBC}") = "CA 1", "CA 1\CA 1.csproj", "{B34456E6-226C-418C-B48A-674E8024F796}"
EndProject
Global
	GlobalSection(SolutionConfigurationPlatforms) = preSolution
		Debug|Any CPU = Debug|Any CPU
		Release|Any CPU = Release|Any CPU
	EndGlobalSection
	GlobalSection(ProjectConfigurationPlatforms) = postSolution
		{B34456E6-226C-418C-B48A-674E8024F796}.Debug|Any CPU.ActiveCfg = Debug|Any CPU
		{B34456E6-226C-418C-B48A-674E8024F796}.Debug|Any CPU.Build.0 = Debug|Any CPU
		{B34456E6-226C-418C-B48A-674E8024F796}.Release|Any CPU.ActiveCfg = Release|Any CPU
		{B34456E6-226C-418C-B48A-674E8024F796}.Release|Any CPU.Build.0 = Release|Any CPU
	EndGlobalSection
	GlobalSection(SolutionProperties) = preSolution
		HideSolutionNode = FALSE
	EndGlobalSection
	GlobalSection(ExtensibilityGlobals) = postSolution
		SolutionGuid = {5C290C53-D6A4-4D5E-8AB5-E8EECC74184F}
	EndGlobalSection
EndGlobal
